
Microsoft Visual Studio Solution File, Format Version 12.00
# Visual Studio Version 17
VisualStudioVersion = 17.7.34024.191
MinimumVisualStudioVersion = 10.0.40219.1
Project("{FAE04EC0-301F-11D3-BF4B-00C04F79EFBC}") = "GraphQLImplementation", "GraphQLImplementation\GraphQLImplementation.csproj", "{DD659F40-44B2-425A-BB4F-F50A0B84C193}"
EndProject
Global
	GlobalSection(SolutionConfigurationPlatforms) = preSolution
		Debug|Any CPU = Debug|Any CPU
		Release|Any CPU = Release|Any CPU
	EndGlobalSection
	GlobalSection(ProjectConfigurationPlatforms) = postSolution
		{DD659F40-44B2-425A-BB4F-F50A0B84C193}.Debug|Any CPU.ActiveCfg = Debug|Any CPU
		{DD659F40-44B2-425A-BB4F-F50A0B84C193}.Debug|Any CPU.Build.0 = Debug|Any CPU
		{DD659F40-44B2-425A-BB4F-F50A0B84C193}.Release|Any CPU.ActiveCfg = Release|Any CPU
		{DD659F40-44B2-425A-BB4F-F50A0B84C193}.Release|Any CPU.Build.0 = Release|Any CPU
	EndGlobalSection
	GlobalSection(SolutionProperties) = preSolution
		HideSolutionNode = FALSE
	EndGlobalSection
	GlobalSection(ExtensibilityGlobals) = postSolution
		SolutionGuid = {8AC7ACCC-6CFA-4773-B9AA-614DC2A68479}
	EndGlobalSection
EndGlobal
